
Microsoft Visual Studio Solution File, Format Version 12.00
# Visual Studio Version 17
VisualStudioVersion = 17.7.34009.444
MinimumVisualStudioVersion = 10.0.40219.1
Project("{FAE04EC0-301F-11D3-BF4B-00C04F79EFBC}") = "Ejemplo2", "Ejemplo2\Ejemplo2.csproj", "{4A249C58-C2E0-4A97-B8B3-FA8D0BF043B4}"
EndProject
Global
	GlobalSection(SolutionConfigurationPlatforms) = preSolution
		Debug|Any CPU = Debug|Any CPU
		Release|Any CPU = Release|Any CPU
	EndGlobalSection
	GlobalSection(ProjectConfigurationPlatforms) = postSolution
		{4A249C58-C2E0-4A97-B8B3-FA8D0BF043B4}.Debug|Any CPU.ActiveCfg = Debug|Any CPU
		{4A249C58-C2E0-4A97-B8B3-FA8D0BF043B4}.Debug|Any CPU.Build.0 = Debug|Any CPU
		{4A249C58-C2E0-4A97-B8B3-FA8D0BF043B4}.Release|Any CPU.ActiveCfg = Release|Any CPU
		{4A249C58-C2E0-4A97-B8B3-FA8D0BF043B4}.Release|Any CPU.Build.0 = Release|Any CPU
	EndGlobalSection
	GlobalSection(SolutionProperties) = preSolution
		HideSolutionNode = FALSE
	EndGlobalSection
	GlobalSection(ExtensibilityGlobals) = postSolution
		SolutionGuid = {E290EF24-0B3A-4E62-ADCE-E480339BB3F8}
	EndGlobalSection
EndGlobal
